<?xml version="1.0" encoding="utf-8"?>
<Project ToolsVersion="4.0" xmlns="http://schemas.microsoft.com/developer/msbuild/2003">
  <ItemGroup>
    <Filter Include="Audio">
      <UniqueIdentifier>{855ccc79-e5a5-4537-8094-9bc2c9d359c2}</UniqueIdentifier>
    </Filter>
    <Filter Include="Entities">
      <UniqueIdentifier>{4e8a52e1-8a95-44bf-92f8-14b50fb506e4}</UniqueIdentifier>
    </Filter>
    <Filter Include="Entities\Players">
      <UniqueIdentifier>{91f2288a-fd0b-41a1-b5d7-29c6c1e93b6b}</UniqueIdentifier>
    </Filter>
    <Filter Include="Entities\Balls">
      <UniqueIdentifier>{1e32a6f8-9c3d-4a5a-ac06-e022b71c57ca}</UniqueIdentifier>
    </Filter>
    <Filter Include="Entities\Barriers">
      <UniqueIdentifier>{69bc2b90-ba32-4738-9876-f417f96b7856}</UniqueIdentifier>
    </Filter>
    <Filter Include="Scenes">
      <UniqueIdentifier>{92efe48e-fdea-4d22-ba67-886fe210d8cc}</UniqueIdentifier>
    </Filter>
    <Filter Include="Scenes\Main menu">
      <UniqueIdentifier>{b5acd70a-2de8-4a43-b2af-b4c30d37ce68}</UniqueIdentifier>
    </Filter>
    <Filter Include="Scenes\End screen">
      <UniqueIdentifier>{728bd32d-a775-45cf-bd51-6827ada672e0}</UniqueIdentifier>
    </Filter>
    <Filter Include="Scenes\Game">
      <UniqueIdentifier>{8e14e23c-8c35-43a5-9dd4-913f24669778}</UniqueIdentifier>
    </Filter>
    <Filter Include="Drawing">
      <UniqueIdentifier>{ab3e56e4-d63d-4b91-9005-6cc386fb3cf3}</UniqueIdentifier>
    </Filter>
    <Filter Include="Game Manager">
      <UniqueIdentifier>{67DA6AB6-F800-4c08-8B7A-83BB121AAD01}</UniqueIdentifier>
      <Extensions>rc;ico;cur;bmp;dlg;rc2;rct;bin;rgs;gif;jpg;jpeg;jpe;resx;tiff;tif;png;wav;mfcribbon-ms</Extensions>
    </Filter>
    <Filter Include="Game Logic">
      <UniqueIdentifier>{abeec821-a190-47d2-bee8-a2664441a36c}</UniqueIdentifier>
    </Filter>
    <Filter Include="Game Logic\Collisions">
      <UniqueIdentifier>{181f2ffc-8f09-4b06-93c1-2b7cb0bacfef}</UniqueIdentifier>
    </Filter>
    <Filter Include="Game Logic\Color changer">
      <UniqueIdentifier>{08a49f9e-657f-4c13-9f53-4319d8501b56}</UniqueIdentifier>
    </Filter>
    <Filter Include="Game Logic\Player Size Up">
      <UniqueIdentifier>{4fa6000d-1b2f-4b26-8aed-d91ea1d3a41e}</UniqueIdentifier>
    </Filter>
    <Filter Include="Game Logic\Inputs">
      <UniqueIdentifier>{3cd4385f-7ffe-4938-ac77-871a6083f9ee}</UniqueIdentifier>
    </Filter>
  </ItemGroup>
  <ItemGroup>
    <ClCompile Include="gameManager.cpp">
      <Filter>Game Manager</Filter>
    </ClCompile>
    <ClCompile Include="Audio.cpp">
      <Filter>Audio</Filter>
    </ClCompile>
    <ClCompile Include="Players.cpp">
      <Filter>Entities\Players</Filter>
    </ClCompile>
    <ClCompile Include="Balls.cpp">
      <Filter>Entities\Balls</Filter>
    </ClCompile>
    <ClCompile Include="Barriers.cpp">
      <Filter>Entities\Barriers</Filter>
    </ClCompile>
    <ClCompile Include="main.cpp" />
    <ClCompile Include="mainMenu.cpp">
      <Filter>Scenes\Main menu</Filter>
    </ClCompile>
    <ClCompile Include="endScreen.cpp">
      <Filter>Scenes\End screen</Filter>
    </ClCompile>
    <ClCompile Include="game.cpp">
      <Filter>Scenes\Game</Filter>
    </ClCompile>
    <ClCompile Include="Drawing.cpp">
      <Filter>Drawing</Filter>
    </ClCompile>
    <ClCompile Include="collisions.cpp">
      <Filter>Game Logic\Collisions</Filter>
    </ClCompile>
    <ClCompile Include="changeColor.cpp">
      <Filter>Game Logic\Color changer</Filter>
    </ClCompile>
    <ClCompile Include="getSizeUp.cpp">
      <Filter>Game Logic\Player Size Up</Filter>
    </ClCompile>
    <ClCompile Include="inputs.cpp">
      <Filter>Game Logic\Inputs</Filter>
    </ClCompile>
  </ItemGroup>
  <ItemGroup>
    <ClInclude Include="Audio.h">
      <Filter>Audio</Filter>
    </ClInclude>
    <ClInclude Include="Players.h">
      <Filter>Entities\Players</Filter>
    </ClInclude>
    <ClInclude Include="Balls.h">
      <Filter>Entities\Balls</Filter>
    </ClInclude>
    <ClInclude Include="Barriers.h">
      <Filter>Entities\Barriers</Filter>
    </ClInclude>
    <ClInclude Include="mainMenu.h">
      <Filter>Scenes\Main menu</Filter>
    </ClInclude>
    <ClInclude Include="game.h">
      <Filter>Scenes\Game</Filter>
    </ClInclude>
    <ClInclude Include="endScreen.h">
      <Filter>Scenes\End screen</Filter>
    </ClInclude>
    <ClInclude Include="gameManager.h">
      <Filter>Game Manager</Filter>
    </ClInclude>
    <ClInclude Include="Drawing.h">
      <Filter>Drawing</Filter>
    </ClInclude>
    <ClInclude Include="collisions.h">
      <Filter>Game Logic\Collisions</Filter>
    </ClInclude>
    <ClInclude Include="changeColor.h">
      <Filter>Game Logic\Color changer</Filter>
    </ClInclude>
    <ClInclude Include="getSizeUp.h">
      <Filter>Game Logic\Player Size Up</Filter>
    </ClInclude>
    <ClInclude Include="inputs.h">
      <Filter>Game Logic\Inputs</Filter>
    </ClInclude>
  </ItemGroup>
</Project>